
Microsoft Visual Studio Solution File, Format Version 12.00
# Visual Studio Version 17
VisualStudioVersion = 17.1.32228.430
MinimumVisualStudioVersion = 10.0.40219.1
Project("{E24C65DC-7377-472B-9ABA-BC803B73C61A}") = "RastreadorEntregasWebClient", "RastreadorEntregasWebClient\", "{DDA248D8-797B-47E4-BC34-B46D4A157674}"
	ProjectSection(WebsiteProperties) = preProject
		TargetFrameworkMoniker = ".NETFramework,Version%3Dv4.7.2"
		ProjectReferences = "{c524f9c0-d584-48af-a540-71e04115326d}|RastreadorEntregasEntities.dll;{a7ff3c15-e68d-4130-b30c-19ce29a7bc87}|RastreadorEntregasServices.dll;"
		Debug.AspNetCompiler.VirtualPath = "/localhost_62765"
		Debug.AspNetCompiler.PhysicalPath = "RastreadorEntregasWebClient\"
		Debug.AspNetCompiler.TargetPath = "PrecompiledWeb\localhost_62765\"
		Debug.AspNetCompiler.Updateable = "true"
		Debug.AspNetCompiler.ForceOverwrite = "true"
		Debug.AspNetCompiler.FixedNames = "false"
		Debug.AspNetCompiler.Debug = "True"
		Release.AspNetCompiler.VirtualPath = "/localhost_62765"
		Release.AspNetCompiler.PhysicalPath = "RastreadorEntregasWebClient\"
		Release.AspNetCompiler.TargetPath = "PrecompiledWeb\localhost_62765\"
		Release.AspNetCompiler.Updateable = "true"
		Release.AspNetCompiler.ForceOverwrite = "true"
		Release.AspNetCompiler.FixedNames = "false"
		Release.AspNetCompiler.Debug = "False"
		VWDPort = "62765"
		SlnRelativePath = "RastreadorEntregasWebClient\"
		DefaultWebSiteLanguage = "Visual C#"
	EndProjectSection
EndProject
Project("{FAE04EC0-301F-11D3-BF4B-00C04F79EFBC}") = "RastreadorEntregasServices", "RastreadorEntregasServices\RastreadorEntregasServices.csproj", "{A7FF3C15-E68D-4130-B30C-19CE29A7BC87}"
EndProject
Project("{FAE04EC0-301F-11D3-BF4B-00C04F79EFBC}") = "RastreadorEntregasEntities", "RastreadorEntregasEntities\RastreadorEntregasEntities.csproj", "{C524F9C0-D584-48AF-A540-71E04115326D}"
EndProject
Global
	GlobalSection(SolutionConfigurationPlatforms) = preSolution
		Debug|Any CPU = Debug|Any CPU
		Release|Any CPU = Release|Any CPU
	EndGlobalSection
	GlobalSection(ProjectConfigurationPlatforms) = postSolution
		{DDA248D8-797B-47E4-BC34-B46D4A157674}.Debug|Any CPU.ActiveCfg = Debug|Any CPU
		{DDA248D8-797B-47E4-BC34-B46D4A157674}.Debug|Any CPU.Build.0 = Debug|Any CPU
		{DDA248D8-797B-47E4-BC34-B46D4A157674}.Release|Any CPU.ActiveCfg = Debug|Any CPU
		{DDA248D8-797B-47E4-BC34-B46D4A157674}.Release|Any CPU.Build.0 = Debug|Any CPU
		{A7FF3C15-E68D-4130-B30C-19CE29A7BC87}.Debug|Any CPU.ActiveCfg = Debug|Any CPU
		{A7FF3C15-E68D-4130-B30C-19CE29A7BC87}.Debug|Any CPU.Build.0 = Debug|Any CPU
		{A7FF3C15-E68D-4130-B30C-19CE29A7BC87}.Release|Any CPU.ActiveCfg = Release|Any CPU
		{A7FF3C15-E68D-4130-B30C-19CE29A7BC87}.Release|Any CPU.Build.0 = Release|Any CPU
		{C524F9C0-D584-48AF-A540-71E04115326D}.Debug|Any CPU.ActiveCfg = Debug|Any CPU
		{C524F9C0-D584-48AF-A540-71E04115326D}.Debug|Any CPU.Build.0 = Debug|Any CPU
		{C524F9C0-D584-48AF-A540-71E04115326D}.Release|Any CPU.ActiveCfg = Release|Any CPU
		{C524F9C0-D584-48AF-A540-71E04115326D}.Release|Any CPU.Build.0 = Release|Any CPU
	EndGlobalSection
	GlobalSection(SolutionProperties) = preSolution
		HideSolutionNode = FALSE
	EndGlobalSection
	GlobalSection(ExtensibilityGlobals) = postSolution
		SolutionGuid = {9C415D78-44D6-4807-B69D-B5FACCE8224A}
	EndGlobalSection
EndGlobal
